github.com/go-gl/gl v0.0.0-20181026044259-55b76b7df9d2 h1:78Hza2KHn2PX1jdydQnffaU2A/xM0g3Nx1xmMdep9Gk=
github.com/go-gl/gl v0.0.0-20181026044259-55b76b7df9d2/go.mod h1:482civXOzJJCPzJ4ZOX/pwvXBWSnzD4OKMdH4ClKGbk=
github.com/go-gl/gl v0.0.0-20190320180904-bf2b1f2f34d7 h1:SCYMcCJ89LjRGwEa0tRluNRiMjZHalQZrVrvTbPh+qw=
github.com/go-gl/gl v0.0.0-20190320180904-bf2b1f2f34d7/go.mod h1:482civXOzJJCPzJ4ZOX/pwvXBWSnzD4OKMdH4ClKGbk=
github.com/go-gl/gl v0.0.0-20210315015930-ae072cafe09d h1:o81yRlBATU4PRn97lydmsq8hTRNXI4wlR/VvUQhFRVY=
github.com/go-gl/gl v0.0.0-20210315015930-ae072cafe09d/go.mod h1:482civXOzJJCPzJ4ZOX/pwvXBWSnzD4OKMdH4ClKGbk=
github.com/go-gl/gl v0.0.0-20210426225639-a3bfa832c8aa h1:yiL6tST9ZuWBXiymIdM0j6yeLwMVGXDoybpXqnbJpCk=
github.com/go-gl/gl v0.0.0-20210426225639-a3bfa832c8aa/go.mod h1:wjpnOv6ONl2SuJSxqCPVaPZibGFdSci9HFocT9qtVYM=
github.com/go-gl/gl v0.0.0-20210905235341-f7a045908259 h1:8q7+xl2D2qHPLTII1t4vSMNP2VKwDcn+Avf2WXvdB1A=
github.com/go-gl/gl v0.0.0-20210905235341-f7a045908259/go.mod h1:wjpnOv6ONl2SuJSxqCPVaPZibGFdSci9HFocT9qtVYM=
github.com/go-gl/gl v0.0.0-20211025173605-bda47ffaa784 h1:1Zi56D0LNfvkzM+BdoxKryvUEdyWO7LP8oRT+oSYJW0=
github.com/go-gl/gl v0.0.0-20211025173605-bda47ffaa784/go.mod h1:9YTyiznxEY1fVinfM7RvRcjRHbw2xLBJ3AAGIT0I4Nw=
